
Microsoft Visual Studio Solution File, Format Version 12.00
# Visual Studio Version 17
VisualStudioVersion = 17.13.36105.23 d17.13
MinimumVisualStudioVersion = 10.0.40219.1
Project("{FAE04EC0-301F-11D3-BF4B-00C04F79EFBC}") = "SedapMakanApp", "SedapMakanApp.csproj", "{579DBC96-7BD2-45E8-ACC9-C0EF86F5C8FD}"
EndProject
Global
	GlobalSection(SolutionConfigurationPlatforms) = preSolution
		Debug|Any CPU = Debug|Any CPU
		Release|Any CPU = Release|Any CPU
	EndGlobalSection
	GlobalSection(ProjectConfigurationPlatforms) = postSolution
		{579DBC96-7BD2-45E8-ACC9-C0EF86F5C8FD}.Debug|Any CPU.ActiveCfg = Debug|Any CPU
		{579DBC96-7BD2-45E8-ACC9-C0EF86F5C8FD}.Debug|Any CPU.Build.0 = Debug|Any CPU
		{579DBC96-7BD2-45E8-ACC9-C0EF86F5C8FD}.Release|Any CPU.ActiveCfg = Release|Any CPU
		{579DBC96-7BD2-45E8-ACC9-C0EF86F5C8FD}.Release|Any CPU.Build.0 = Release|Any CPU
	EndGlobalSection
	GlobalSection(SolutionProperties) = preSolution
		HideSolutionNode = FALSE
	EndGlobalSection
	GlobalSection(ExtensibilityGlobals) = postSolution
		SolutionGuid = {D3341BA7-3471-490D-A0AC-54519F814420}
	EndGlobalSection
EndGlobal
